
Microsoft Visual Studio Solution File, Format Version 12.00
# Visual Studio Version 16
VisualStudioVersion = 16.0.30413.136
MinimumVisualStudioVersion = 10.0.40219.1
Project("{9A19103F-16F7-4668-BE54-9A1E7A4F7556}") = "CandidaturesApp", "CandidaturesApp\CandidaturesApp.csproj", "{43BB643E-C9CB-42E7-BEB0-BA122ED1F976}"
EndProject
Project("{9A19103F-16F7-4668-BE54-9A1E7A4F7556}") = "CandidaturesCore", "CandidaturesCore\CandidaturesCore.csproj", "{1FEA7BC3-A3F5-4AAB-8D84-8F0577100CD9}"
EndProject
Project("{FAE04EC0-301F-11D3-BF4B-00C04F79EFBC}") = "GestionCandidatures", "GestionCandidatures\GestionCandidatures.csproj", "{59CF8D52-4A62-4EB2-B309-7B4628371B79}"
EndProject
Global
	GlobalSection(SolutionConfigurationPlatforms) = preSolution
		Debug|Any CPU = Debug|Any CPU
		Release|Any CPU = Release|Any CPU
	EndGlobalSection
	GlobalSection(ProjectConfigurationPlatforms) = postSolution
		{43BB643E-C9CB-42E7-BEB0-BA122ED1F976}.Debug|Any CPU.ActiveCfg = Debug|Any CPU
		{43BB643E-C9CB-42E7-BEB0-BA122ED1F976}.Debug|Any CPU.Build.0 = Debug|Any CPU
		{43BB643E-C9CB-42E7-BEB0-BA122ED1F976}.Release|Any CPU.ActiveCfg = Release|Any CPU
		{43BB643E-C9CB-42E7-BEB0-BA122ED1F976}.Release|Any CPU.Build.0 = Release|Any CPU
		{1FEA7BC3-A3F5-4AAB-8D84-8F0577100CD9}.Debug|Any CPU.ActiveCfg = Debug|Any CPU
		{1FEA7BC3-A3F5-4AAB-8D84-8F0577100CD9}.Debug|Any CPU.Build.0 = Debug|Any CPU
		{1FEA7BC3-A3F5-4AAB-8D84-8F0577100CD9}.Release|Any CPU.ActiveCfg = Release|Any CPU
		{1FEA7BC3-A3F5-4AAB-8D84-8F0577100CD9}.Release|Any CPU.Build.0 = Release|Any CPU
		{59CF8D52-4A62-4EB2-B309-7B4628371B79}.Debug|Any CPU.ActiveCfg = Debug|Any CPU
		{59CF8D52-4A62-4EB2-B309-7B4628371B79}.Debug|Any CPU.Build.0 = Debug|Any CPU
		{59CF8D52-4A62-4EB2-B309-7B4628371B79}.Release|Any CPU.ActiveCfg = Release|Any CPU
		{59CF8D52-4A62-4EB2-B309-7B4628371B79}.Release|Any CPU.Build.0 = Release|Any CPU
	EndGlobalSection
	GlobalSection(SolutionProperties) = preSolution
		HideSolutionNode = FALSE
	EndGlobalSection
	GlobalSection(ExtensibilityGlobals) = postSolution
		SolutionGuid = {35BEF361-8B62-422D-B695-0838B6EFE20D}
	EndGlobalSection
EndGlobal
